// !$*UTF8*$!
{
	archiveVersion = 1;
	classes = {
	};
	objectVersion = 46;
	objects = {

/* Begin PBXBuildFile section */
		096683DA1D7F2CE300EE3FFB /* SpotibarViewController.swift in Sources */ = {isa = PBXBuildFile; fileRef = 096683D81D7F2CE300EE3FFB /* SpotibarViewController.swift */; };
		096683DB1D7F2CE300EE3FFB /* SpotibarViewController.xib in Resources */ = {isa = PBXBuildFile; fileRef = 096683D91D7F2CE300EE3FFB /* SpotibarViewController.xib */; };
		09D3A4601D7DFBDB00C2E8BA /* AppDelegate.swift in Sources */ = {isa = PBXBuildFile; fileRef = 09D3A45F1D7DFBDB00C2E8BA /* AppDelegate.swift */; };
		09D3A4621D7DFBDB00C2E8BA /* Assets.xcassets in Resources */ = {isa = PBXBuildFile; fileRef = 09D3A4611D7DFBDB00C2E8BA /* Assets.xcassets */; };
		09D3A4651D7DFBDB00C2E8BA /* MainMenu.xib in Resources */ = {isa = PBXBuildFile; fileRef = 09D3A4631D7DFBDB00C2E8BA /* MainMenu.xib */; };
/* End PBXBuildFile section */

/* Begin PBXFileReference section */
		096683D81D7F2CE300EE3FFB /* SpotibarViewController.swift */ = {isa = PBXFileReference; explicitFileType = sourcecode.swift; fileEncoding = 4; path = SpotibarViewController.swift; sourceTree = "<group>"; };
		096683D91D7F2CE300EE3FFB /* SpotibarViewController.xib */ = {isa = PBXFileReference; fileEncoding = 4; lastKnownFileType = file.xib; path = SpotibarViewController.xib; sourceTree = "<group>"; };
		09D3A45C1D7DFBDB00C2E8BA /* spotibar.app */ = {isa = PBXFileReference; explicitFileType = wrapper.application; includeInIndex = 0; path = spotibar.app; sourceTree = BUILT_PRODUCTS_DIR; };
		09D3A45F1D7DFBDB00C2E8BA /* AppDelegate.swift */ = {isa = PBXFileReference; lastKnownFileType = sourcecode.swift; path = AppDelegate.swift; sourceTree = "<group>"; };
		09D3A4611D7DFBDB00C2E8BA /* Assets.xcassets */ = {isa = PBXFileReference; lastKnownFileType = folder.assetcatalog; path = Assets.xcassets; sourceTree = "<group>"; };
		09D3A4641D7DFBDB00C2E8BA /* Base */ = {isa = PBXFileReference; lastKnownFileType = file.xib; name = Base; path = Base.lproj/MainMenu.xib; sourceTree = "<group>"; };
		09D3A4661D7DFBDB00C2E8BA /* Info.plist */ = {isa = PBXFileReference; lastKnownFileType = text.plist.xml; path = Info.plist; sourceTree = "<group>"; };
/* End PBXFileReference section */

/* Begin PBXFrameworksBuildPhase section */
		09D3A4591D7DFBDB00C2E8BA /* Frameworks */ = {
			isa = PBXFrameworksBuildPhase;
			buildActionMask = 2147483647;
			files = (
			);
			runOnlyForDeploymentPostprocessing = 0;
		};
/* End PBXFrameworksBuildPhase section */

/* Begin PBXGroup section */
		096683DC1D7F2D0C00EE3FFB /* Controllers */ = {
			isa = PBXGroup;
			children = (
				096683D81D7F2CE300EE3FFB /* SpotibarViewController.swift */,
				096683D91D7F2CE300EE3FFB /* SpotibarViewController.xib */,
			);
			path = Controllers;
			sourceTree = "<group>";
		};
		09D3A4531D7DFBDB00C2E8BA = {
			isa = PBXGroup;
			children = (
				09D3A45E1D7DFBDB00C2E8BA /* spotibar */,
				09D3A45D1D7DFBDB00C2E8BA /* Products */,
			);
			sourceTree = "<group>";
		};
		09D3A45D1D7DFBDB00C2E8BA /* Products */ = {
			isa = PBXGroup;
			children = (
				09D3A45C1D7DFBDB00C2E8BA /* spotibar.app */,
			);
			name = Products;
			sourceTree = "<group>";
		};
		09D3A45E1D7DFBDB00C2E8BA /* spotibar */ = {
			isa = PBXGroup;
			children = (
				09D3A45F1D7DFBDB00C2E8BA /* AppDelegate.swift */,
				096683DC1D7F2D0C00EE3FFB /* Controllers */,
				09D3A4611D7DFBDB00C2E8BA /* Assets.xcassets */,
				09D3A4631D7DFBDB00C2E8BA /* MainMenu.xib */,
				09D3A4661D7DFBDB00C2E8BA /* Info.plist */,
			);
			path = spotibar;
			sourceTree = "<group>";
		};
/* End PBXGroup section */

/* Begin PBXNativeTarget section */
		09D3A45B1D7DFBDB00C2E8BA /* spotibar */ = {
			isa = PBXNativeTarget;
			buildConfigurationList = 09D3A4691D7DFBDB00C2E8BA /* Build configuration list for PBXNativeTarget "spotibar" */;
			buildPhases = (
				09D3A4581D7DFBDB00C2E8BA /* Sources */,
				09D3A4591D7DFBDB00C2E8BA /* Frameworks */,
				09D3A45A1D7DFBDB00C2E8BA /* Resources */,
			);
			buildRules = (
			);
			dependencies = (
			);
			name = spotibar;
			productName = spotibar;
			productReference = 09D3A45C1D7DFBDB00C2E8BA /* spotibar.app */;
			productType = "com.apple.product-type.application";
		};
/* End PBXNativeTarget section */

/* Begin PBXProject section */
		09D3A4541D7DFBDB00C2E8BA /* Project object */ = {
			isa = PBXProject;
			attributes = {
				LastSwiftUpdateCheck = 0730;
				LastUpgradeCheck = 0730;
				ORGANIZATIONNAME = kyRobot;
				TargetAttributes = {
					09D3A45B1D7DFBDB00C2E8BA = {
						CreatedOnToolsVersion = 7.3.1;
					};
				};
			};
			buildConfigurationList = 09D3A4571D7DFBDB00C2E8BA /* Build configuration list for PBXProject "spotibar" */;
			compatibilityVersion = "Xcode 3.2";
			developmentRegion = English;
			hasScannedForEncodings = 0;
			knownRegions = (
				en,
				Base,
			);
			mainGroup = 09D3A4531D7DFBDB00C2E8BA;
			productRefGroup = 09D3A45D1D7DFBDB00C2E8BA /* Products */;
			projectDirPath = "";
			projectRoot = "";
			targets = (
				09D3A45B1D7DFBDB00C2E8BA /* spotibar */,
			);
		};
/* End PBXProject section */

/* Begin PBXResourcesBuildPhase section */
		09D3A45A1D7DFBDB00C2E8BA /* Resources */ = {
			isa = PBXResourcesBuildPhase;
			buildActionMask = 2147483647;
			files = (
				09D3A4621D7DFBDB00C2E8BA /* Assets.xcassets in Resources */,
				09D3A4651D7DFBDB00C2E8BA /* MainMenu.xib in Resources */,
				096683DB1D7F2CE300EE3FFB /* SpotibarViewController.xib in Resources */,
			);
			runOnlyForDeploymentPostprocessing = 0;
		};
/* End PBXResourcesBuildPhase section */

/* Begin PBXSourcesBuildPhase section */
		09D3A4581D7DFBDB00C2E8BA /* Sources */ = {
			isa = PBXSourcesBuildPhase;
			buildActionMask = 2147483647;
			files = (
				096683DA1D7F2CE300EE3FFB /* SpotibarViewController.swift in Sources */,
				09D3A4601D7DFBDB00C2E8BA /* AppDelegate.swift in Sources */,
			);
			runOnlyForDeploymentPostprocessing = 0;
		};
/* End PBXSourcesBuildPhase section */

/* Begin PBXVariantGroup section */
		09D3A4631D7DFBDB00C2E8BA /* MainMenu.xib */ = {
			isa = PBXVariantGroup;
			children = (
				09D3A4641D7DFBDB00C2E8BA /* Base */,
			);
			name = MainMenu.xib;
			sourceTree = "<group>";
		};
/* End PBXVariantGroup section */

/* Begin XCBuildConfiguration section */
		09D3A4671D7DFBDB00C2E8BA /* Debug */ = {
			isa = XCBuildConfiguration;
			buildSettings = {
				ALWAYS_SEARCH_USER_PATHS = NO;
				CLANG_ANALYZER_NONNULL = YES;
				CLANG_CXX_LANGUAGE_STANDARD = "gnu++0x";
				CLANG_CXX_LIBRARY = "libc++";
				CLANG_ENABLE_MODULES = YES;
				CLANG_ENABLE_OBJC_ARC = YES;
				CLANG_WARN_BOOL_CONVERSION = YES;
				CLANG_WARN_CONSTANT_CONVERSION = YES;
				CLANG_WARN_DIRECT_OBJC_ISA_USAGE = YES_ERROR;
				CLANG_WARN_EMPTY_BODY = YES;
				CLANG_WARN_ENUM_CONVERSION = YES;
				CLANG_WARN_INT_CONVERSION = YES;
				CLANG_WARN_OBJC_ROOT_CLASS = YES_ERROR;
				CLANG_WARN_UNREACHABLE_CODE = YES;
				CLANG_WARN__DUPLICATE_METHOD_MATCH = YES;
				CODE_SIGN_IDENTITY = "-";
				COPY_PHASE_STRIP = NO;
				DEBUG_INFORMATION_FORMAT = dwarf;
				ENABLE_STRICT_OBJC_MSGSEND = YES;
				ENABLE_TESTABILITY = YES;
				GCC_C_LANGUAGE_STANDARD = gnu99;
				GCC_DYNAMIC_NO_PIC = NO;
				GCC_NO_COMMON_BLOCKS = YES;
				GCC_OPTIMIZATION_LEVEL = 0;
				GCC_PREPROCESSOR_DEFINITIONS = (
					"DEBUG=1",
					"$(inherited)",
				);
				GCC_WARN_64_TO_32_BIT_CONVERSION = YES;
				GCC_WARN_ABOUT_RETURN_TYPE = YES_ERROR;
				GCC_WARN_UNDECLARED_SELECTOR = YES;
				GCC_WARN_UNINITIALIZED_AUTOS = YES_AGGRESSIVE;
				GCC_WARN_UNUSED_FUNCTION = YES;
				GCC_WARN_UNUSED_VARIABLE = YES;
				MACOSX_DEPLOYMENT_TARGET = 10.11;
				MTL_ENABLE_DEBUG_INFO = YES;
				ONLY_ACTIVE_ARCH = YES;
				SDKROOT = macosx;
				SWIFT_OPTIMIZATION_LEVEL = "-Onone";
			};
			name = Debug;
		};
		09D3A4681D7DFBDB00C2E8BA /* Release */ = {
			isa = XCBuildConfiguration;
			buildSettings = {
				ALWAYS_SEARCH_USER_PATHS = NO;
				CLANG_ANALYZER_NONNULL = YES;
				CLANG_CXX_LANGUAGE_STANDARD = "gnu++0x";
				CLANG_CXX_LIBRARY = "libc++";
				CLANG_ENABLE_MODULES = YES;
				CLANG_ENABLE_OBJC_ARC = YES;
				CLANG_WARN_BOOL_CONVERSION = YES;
				CLANG_WARN_CONSTANT_CONVERSION = YES;
				CLANG_WARN_DIRECT_OBJC_ISA_USAGE = YES_ERROR;
				CLANG_WARN_EMPTY_BODY = YES;
				CLANG_WARN_ENUM_CONVERSION = YES;
				CLANG_WARN_INT_CONVERSION = YES;
				CLANG_WARN_OBJC_ROOT_CLASS = YES_ERROR;
				CLANG_WARN_UNREACHABLE_CODE = YES;
				CLANG_WARN__DUPLICATE_METHOD_MATCH = YES;
				CODE_SIGN_IDENTITY = "-";
				COPY_PHASE_STRIP = NO;
				DEBUG_INFORMATION_FORMAT = "dwarf-with-dsym";
				ENABLE_NS_ASSERTIONS = NO;
				ENABLE_STRICT_OBJC_MSGSEND = YES;
				GCC_C_LANGUAGE_STANDARD = gnu99;
				GCC_NO_COMMON_BLOCKS = YES;
				GCC_WARN_64_TO_32_BIT_CONVERSION = YES;
				GCC_WARN_ABOUT_RETURN_TYPE = YES_ERROR;
				GCC_WARN_UNDECLARED_SELECTOR = YES;
				GCC_WARN_UNINITIALIZED_AUTOS = YES_AGGRESSIVE;
				GCC_WARN_UNUSED_FUNCTION = YES;
				GCC_WARN_UNUSED_VARIABLE = YES;
				MACOSX_DEPLOYMENT_TARGET = 10.11;
				MTL_ENABLE_DEBUG_INFO = NO;
				SDKROOT = macosx;
			};
			name = Release;
		};
		09D3A46A1D7DFBDB00C2E8BA /* Debug */ = {
			isa = XCBuildConfiguration;
			buildSettings = {
				ASSETCATALOG_COMPILER_APPICON_NAME = AppIcon;
				COMBINE_HIDPI_IMAGES = YES;
				INFOPLIST_FILE = spotibar/Info.plist;
				LD_RUNPATH_SEARCH_PATHS = "$(inherited) @executable_path/../Frameworks";
				PRODUCT_BUNDLE_IDENTIFIER = com.kyrobot.spotibar;
				PRODUCT_NAME = "$(TARGET_NAME)";
			};
			name = Debug;
		};
		09D3A46B1D7DFBDB00C2E8BA /* Release */ = {
			isa = XCBuildConfiguration;
			buildSettings = {
				ASSETCATALOG_COMPILER_APPICON_NAME = AppIcon;
				COMBINE_HIDPI_IMAGES = YES;
				INFOPLIST_FILE = spotibar/Info.plist;
				LD_RUNPATH_SEARCH_PATHS = "$(inherited) @executable_path/../Frameworks";
				PRODUCT_BUNDLE_IDENTIFIER = com.kyrobot.spotibar;
				PRODUCT_NAME = "$(TARGET_NAME)";
			};
			name = Release;
		};
/* End XCBuildConfiguration section */

/* Begin XCConfigurationList section */
		09D3A4571D7DFBDB00C2E8BA /* Build configuration list for PBXProject "spotibar" */ = {
			isa = XCConfigurationList;
			buildConfigurations = (
				09D3A4671D7DFBDB00C2E8BA /* Debug */,
				09D3A4681D7DFBDB00C2E8BA /* Release */,
			);
			defaultConfigurationIsVisible = 0;
			defaultConfigurationName = Release;
		};
		09D3A4691D7DFBDB00C2E8BA /* Build configuration list for PBXNativeTarget "spotibar" */ = {
			isa = XCConfigurationList;
			buildConfigurations = (
				09D3A46A1D7DFBDB00C2E8BA /* Debug */,
				09D3A46B1D7DFBDB00C2E8BA /* Release */,
			);
			defaultConfigurationIsVisible = 0;
			defaultConfigurationName = Release;
		};
/* End XCConfigurationList section */
	};
	rootObject = 09D3A4541D7DFBDB00C2E8BA /* Project object */;
}
